
Microsoft Visual Studio Solution File, Format Version 12.00
# Visual Studio Version 17
VisualStudioVersion = 17.4.33403.182
MinimumVisualStudioVersion = 10.0.40219.1
Project("{FAE04EC0-301F-11D3-BF4B-00C04F79EFBC}") = "Jack'sHouse", "Jack'sHouse.csproj", "{65762ACD-E9CA-4D6A-B260-BF143448CBBC}"
EndProject
Global
	GlobalSection(SolutionConfigurationPlatforms) = preSolution
		Debug|Any CPU = Debug|Any CPU
		Release|Any CPU = Release|Any CPU
	EndGlobalSection
	GlobalSection(ProjectConfigurationPlatforms) = postSolution
		{65762ACD-E9CA-4D6A-B260-BF143448CBBC}.Debug|Any CPU.ActiveCfg = Debug|Any CPU
		{65762ACD-E9CA-4D6A-B260-BF143448CBBC}.Debug|Any CPU.Build.0 = Debug|Any CPU
		{65762ACD-E9CA-4D6A-B260-BF143448CBBC}.Release|Any CPU.ActiveCfg = Release|Any CPU
		{65762ACD-E9CA-4D6A-B260-BF143448CBBC}.Release|Any CPU.Build.0 = Release|Any CPU
	EndGlobalSection
	GlobalSection(SolutionProperties) = preSolution
		HideSolutionNode = FALSE
	EndGlobalSection
	GlobalSection(ExtensibilityGlobals) = postSolution
		SolutionGuid = {17C9FFD9-FBDF-49DB-9BCC-FA80BA5CC36D}
	EndGlobalSection
EndGlobal
