
Microsoft Visual Studio Solution File, Format Version 12.00
# Visual Studio Version 17
VisualStudioVersion = 17.4.33403.182
MinimumVisualStudioVersion = 10.0.40219.1
Project("{FAE04EC0-301F-11D3-BF4B-00C04F79EFBC}") = "Librarian", "Librarian.csproj", "{C9DE7D7B-D0D0-4F1D-BD1A-2CFB0B9703A6}"
EndProject
Global
	GlobalSection(SolutionConfigurationPlatforms) = preSolution
		Debug|Any CPU = Debug|Any CPU
		Release|Any CPU = Release|Any CPU
	EndGlobalSection
	GlobalSection(ProjectConfigurationPlatforms) = postSolution
		{C9DE7D7B-D0D0-4F1D-BD1A-2CFB0B9703A6}.Debug|Any CPU.ActiveCfg = Debug|Any CPU
		{C9DE7D7B-D0D0-4F1D-BD1A-2CFB0B9703A6}.Debug|Any CPU.Build.0 = Debug|Any CPU
		{C9DE7D7B-D0D0-4F1D-BD1A-2CFB0B9703A6}.Release|Any CPU.ActiveCfg = Release|Any CPU
		{C9DE7D7B-D0D0-4F1D-BD1A-2CFB0B9703A6}.Release|Any CPU.Build.0 = Release|Any CPU
	EndGlobalSection
	GlobalSection(SolutionProperties) = preSolution
		HideSolutionNode = FALSE
	EndGlobalSection
	GlobalSection(ExtensibilityGlobals) = postSolution
		SolutionGuid = {770A55FB-6076-499E-9B59-86BE8DFDD3D2}
	EndGlobalSection
EndGlobal
